// !$*UTF8*$!
{
	archiveVersion = 1;
	classes = {
	};
	objectVersion = 55;
	objects = {

/* Begin PBXBuildFile section */
		DC29ED672935CFE900EBB921 /* ToDosApp.swift in Sources */ = {isa = PBXBuildFile; fileRef = DC29ED662935CFE900EBB921 /* ToDosApp.swift */; };
		DC29ED6B2935CFEB00EBB921 /* Assets.xcassets in Resources */ = {isa = PBXBuildFile; fileRef = DC29ED6A2935CFEB00EBB921 /* Assets.xcassets */; };
		DC29ED6E2935CFEB00EBB921 /* Preview Assets.xcassets in Resources */ = {isa = PBXBuildFile; fileRef = DC29ED6D2935CFEB00EBB921 /* Preview Assets.xcassets */; };
		DC5D01422949BFB70017C67A /* HomeScreen.swift in Sources */ = {isa = PBXBuildFile; fileRef = DC5D013A2949BFB60017C67A /* HomeScreen.swift */; };
		DC5D01432949BFB70017C67A /* ItemsViewModel.swift in Sources */ = {isa = PBXBuildFile; fileRef = DC5D013C2949BFB70017C67A /* ItemsViewModel.swift */; };
		DC5D014A2949C2710017C67A /* AddNewItemView.swift in Sources */ = {isa = PBXBuildFile; fileRef = DC5D01462949C2710017C67A /* AddNewItemView.swift */; };
		DC5D014B2949C2710017C67A /* CustomViews.swift in Sources */ = {isa = PBXBuildFile; fileRef = DC5D01472949C2710017C67A /* CustomViews.swift */; };
		DC5D014C2949C2710017C67A /* UpdateItemView.swift in Sources */ = {isa = PBXBuildFile; fileRef = DC5D01482949C2710017C67A /* UpdateItemView.swift */; };
		DC5D014D2949C2710017C67A /* ListView.swift in Sources */ = {isa = PBXBuildFile; fileRef = DC5D01492949C2710017C67A /* ListView.swift */; };
		DCB493592959B47E00693E01 /* Quicksand-Regular.ttf in Resources */ = {isa = PBXBuildFile; fileRef = DCB493542959B47E00693E01 /* Quicksand-Regular.ttf */; };
		DCB4935A2959B47E00693E01 /* Quicksand-SemiBold.ttf in Resources */ = {isa = PBXBuildFile; fileRef = DCB493552959B47E00693E01 /* Quicksand-SemiBold.ttf */; };
		DCB4935B2959B47E00693E01 /* Quicksand-Light.ttf in Resources */ = {isa = PBXBuildFile; fileRef = DCB493562959B47E00693E01 /* Quicksand-Light.ttf */; };
		DCB4935C2959B47E00693E01 /* Quicksand-Bold.ttf in Resources */ = {isa = PBXBuildFile; fileRef = DCB493572959B47E00693E01 /* Quicksand-Bold.ttf */; };
		DCB4935D2959B47E00693E01 /* Quicksand-Medium.ttf in Resources */ = {isa = PBXBuildFile; fileRef = DCB493582959B47E00693E01 /* Quicksand-Medium.ttf */; };
		DCCE75842CF5CBF60066CECA /* TodoItem.swift in Sources */ = {isa = PBXBuildFile; fileRef = DCCE75832CF5CBF10066CECA /* TodoItem.swift */; };
/* End PBXBuildFile section */

/* Begin PBXFileReference section */
		DC29ED632935CFE900EBB921 /* ToDos.app */ = {isa = PBXFileReference; explicitFileType = wrapper.application; includeInIndex = 0; path = ToDos.app; sourceTree = BUILT_PRODUCTS_DIR; };
		DC29ED662935CFE900EBB921 /* ToDosApp.swift */ = {isa = PBXFileReference; lastKnownFileType = sourcecode.swift; path = ToDosApp.swift; sourceTree = "<group>"; };
		DC29ED6A2935CFEB00EBB921 /* Assets.xcassets */ = {isa = PBXFileReference; lastKnownFileType = folder.assetcatalog; path = Assets.xcassets; sourceTree = "<group>"; };
		DC29ED6D2935CFEB00EBB921 /* Preview Assets.xcassets */ = {isa = PBXFileReference; lastKnownFileType = folder.assetcatalog; path = "Preview Assets.xcassets"; sourceTree = "<group>"; };
		DC5D013A2949BFB60017C67A /* HomeScreen.swift */ = {isa = PBXFileReference; fileEncoding = 4; lastKnownFileType = sourcecode.swift; path = HomeScreen.swift; sourceTree = "<group>"; };
		DC5D013C2949BFB70017C67A /* ItemsViewModel.swift */ = {isa = PBXFileReference; fileEncoding = 4; lastKnownFileType = sourcecode.swift; path = ItemsViewModel.swift; sourceTree = "<group>"; };
		DC5D01462949C2710017C67A /* AddNewItemView.swift */ = {isa = PBXFileReference; fileEncoding = 4; lastKnownFileType = sourcecode.swift; path = AddNewItemView.swift; sourceTree = "<group>"; };
		DC5D01472949C2710017C67A /* CustomViews.swift */ = {isa = PBXFileReference; fileEncoding = 4; lastKnownFileType = sourcecode.swift; path = CustomViews.swift; sourceTree = "<group>"; };
		DC5D01482949C2710017C67A /* UpdateItemView.swift */ = {isa = PBXFileReference; fileEncoding = 4; lastKnownFileType = sourcecode.swift; path = UpdateItemView.swift; sourceTree = "<group>"; };
		DC5D01492949C2710017C67A /* ListView.swift */ = {isa = PBXFileReference; fileEncoding = 4; lastKnownFileType = sourcecode.swift; path = ListView.swift; sourceTree = "<group>"; };
		DCB493542959B47E00693E01 /* Quicksand-Regular.ttf */ = {isa = PBXFileReference; lastKnownFileType = file; path = "Quicksand-Regular.ttf"; sourceTree = "<group>"; };
		DCB493552959B47E00693E01 /* Quicksand-SemiBold.ttf */ = {isa = PBXFileReference; lastKnownFileType = file; path = "Quicksand-SemiBold.ttf"; sourceTree = "<group>"; };
		DCB493562959B47E00693E01 /* Quicksand-Light.ttf */ = {isa = PBXFileReference; lastKnownFileType = file; path = "Quicksand-Light.ttf"; sourceTree = "<group>"; };
		DCB493572959B47E00693E01 /* Quicksand-Bold.ttf */ = {isa = PBXFileReference; lastKnownFileType = file; path = "Quicksand-Bold.ttf"; sourceTree = "<group>"; };
		DCB493582959B47E00693E01 /* Quicksand-Medium.ttf */ = {isa = PBXFileReference; lastKnownFileType = file; path = "Quicksand-Medium.ttf"; sourceTree = "<group>"; };
		DCB493602959B4AC00693E01 /* Info.plist */ = {isa = PBXFileReference; lastKnownFileType = text.plist; path = Info.plist; sourceTree = "<group>"; };
		DCCE75832CF5CBF10066CECA /* TodoItem.swift */ = {isa = PBXFileReference; lastKnownFileType = sourcecode.swift; path = TodoItem.swift; sourceTree = "<group>"; };
/* End PBXFileReference section */

/* Begin PBXFrameworksBuildPhase section */
		DC29ED602935CFE900EBB921 /* Frameworks */ = {
			isa = PBXFrameworksBuildPhase;
			buildActionMask = 2147483647;
			files = (
			);
			runOnlyForDeploymentPostprocessing = 0;
		};
/* End PBXFrameworksBuildPhase section */

/* Begin PBXGroup section */
		DC29ED5A2935CFE900EBB921 = {
			isa = PBXGroup;
			children = (
				DC29ED652935CFE900EBB921 /* ToDos */,
				DC29ED642935CFE900EBB921 /* Products */,
			);
			sourceTree = "<group>";
		};
		DC29ED642935CFE900EBB921 /* Products */ = {
			isa = PBXGroup;
			children = (
				DC29ED632935CFE900EBB921 /* ToDos.app */,
			);
			name = Products;
			sourceTree = "<group>";
		};
		DC29ED652935CFE900EBB921 /* ToDos */ = {
			isa = PBXGroup;
			children = (
				DCB493602959B4AC00693E01 /* Info.plist */,
				DC29ED662935CFE900EBB921 /* ToDosApp.swift */,
				DC5D01372949BFB60017C67A /* Model */,
				DC5D013B2949BFB70017C67A /* ViewModel */,
				DC5D01392949BFB60017C67A /* Screens */,
				DC5D01452949C2710017C67A /* Views */,
				DC29ED6A2935CFEB00EBB921 /* Assets.xcassets */,
				DCB4935E2959B48B00693E01 /* Resources */,
				DC29ED6C2935CFEB00EBB921 /* Preview Content */,
			);
			path = ToDos;
			sourceTree = "<group>";
		};
		DC29ED6C2935CFEB00EBB921 /* Preview Content */ = {
			isa = PBXGroup;
			children = (
				DC29ED6D2935CFEB00EBB921 /* Preview Assets.xcassets */,
			);
			path = "Preview Content";
			sourceTree = "<group>";
		};
		DC5D01372949BFB60017C67A /* Model */ = {
			isa = PBXGroup;
			children = (
				DCCE75832CF5CBF10066CECA /* TodoItem.swift */,
			);
			path = Model;
			sourceTree = "<group>";
		};
		DC5D01392949BFB60017C67A /* Screens */ = {
			isa = PBXGroup;
			children = (
				DC5D013A2949BFB60017C67A /* HomeScreen.swift */,
			);
			path = Screens;
			sourceTree = "<group>";
		};
		DC5D013B2949BFB70017C67A /* ViewModel */ = {
			isa = PBXGroup;
			children = (
				DC5D013C2949BFB70017C67A /* ItemsViewModel.swift */,
			);
			path = ViewModel;
			sourceTree = "<group>";
		};
		DC5D01452949C2710017C67A /* Views */ = {
			isa = PBXGroup;
			children = (
				DC5D01462949C2710017C67A /* AddNewItemView.swift */,
				DC5D01472949C2710017C67A /* CustomViews.swift */,
				DC5D01482949C2710017C67A /* UpdateItemView.swift */,
				DC5D01492949C2710017C67A /* ListView.swift */,
			);
			path = Views;
			sourceTree = "<group>";
		};
		DCB4935E2959B48B00693E01 /* Resources */ = {
			isa = PBXGroup;
			children = (
				DCB4935F2959B49A00693E01 /* Fonts */,
			);
			path = Resources;
			sourceTree = "<group>";
		};
		DCB4935F2959B49A00693E01 /* Fonts */ = {
			isa = PBXGroup;
			children = (
				DCB493572959B47E00693E01 /* Quicksand-Bold.ttf */,
				DCB493562959B47E00693E01 /* Quicksand-Light.ttf */,
				DCB493582959B47E00693E01 /* Quicksand-Medium.ttf */,
				DCB493542959B47E00693E01 /* Quicksand-Regular.ttf */,
				DCB493552959B47E00693E01 /* Quicksand-SemiBold.ttf */,
			);
			path = Fonts;
			sourceTree = "<group>";
		};
/* End PBXGroup section */

/* Begin PBXNativeTarget section */
		DC29ED622935CFE900EBB921 /* ToDos */ = {
			isa = PBXNativeTarget;
			buildConfigurationList = DC29ED712935CFEB00EBB921 /* Build configuration list for PBXNativeTarget "ToDos" */;
			buildPhases = (
				DC29ED5F2935CFE900EBB921 /* Sources */,
				DC29ED602935CFE900EBB921 /* Frameworks */,
				DC29ED612935CFE900EBB921 /* Resources */,
			);
			buildRules = (
			);
			dependencies = (
			);
			name = ToDos;
			productName = ToDos;
			productReference = DC29ED632935CFE900EBB921 /* ToDos.app */;
			productType = "com.apple.product-type.application";
		};
/* End PBXNativeTarget section */

/* Begin PBXProject section */
		DC29ED5B2935CFE900EBB921 /* Project object */ = {
			isa = PBXProject;
			attributes = {
				BuildIndependentTargetsInParallel = 1;
				LastSwiftUpdateCheck = 1410;
				LastUpgradeCheck = 1410;
				TargetAttributes = {
					DC29ED622935CFE900EBB921 = {
						CreatedOnToolsVersion = 14.1;
					};
				};
			};
			buildConfigurationList = DC29ED5E2935CFE900EBB921 /* Build configuration list for PBXProject "ToDos" */;
			compatibilityVersion = "Xcode 13.0";
			developmentRegion = en;
			hasScannedForEncodings = 0;
			knownRegions = (
				en,
				Base,
			);
			mainGroup = DC29ED5A2935CFE900EBB921;
			productRefGroup = DC29ED642935CFE900EBB921 /* Products */;
			projectDirPath = "";
			projectRoot = "";
			targets = (
				DC29ED622935CFE900EBB921 /* ToDos */,
			);
		};
/* End PBXProject section */

/* Begin PBXResourcesBuildPhase section */
		DC29ED612935CFE900EBB921 /* Resources */ = {
			isa = PBXResourcesBuildPhase;
			buildActionMask = 2147483647;
			files = (
				DC29ED6E2935CFEB00EBB921 /* Preview Assets.xcassets in Resources */,
				DCB4935C2959B47E00693E01 /* Quicksand-Bold.ttf in Resources */,
				DCB4935D2959B47E00693E01 /* Quicksand-Medium.ttf in Resources */,
				DCB4935A2959B47E00693E01 /* Quicksand-SemiBold.ttf in Resources */,
				DCB493592959B47E00693E01 /* Quicksand-Regular.ttf in Resources */,
				DC29ED6B2935CFEB00EBB921 /* Assets.xcassets in Resources */,
				DCB4935B2959B47E00693E01 /* Quicksand-Light.ttf in Resources */,
			);
			runOnlyForDeploymentPostprocessing = 0;
		};
/* End PBXResourcesBuildPhase section */

/* Begin PBXSourcesBuildPhase section */
		DC29ED5F2935CFE900EBB921 /* Sources */ = {
			isa = PBXSourcesBuildPhase;
			buildActionMask = 2147483647;
			files = (
				DCCE75842CF5CBF60066CECA /* TodoItem.swift in Sources */,
				DC5D014D2949C2710017C67A /* ListView.swift in Sources */,
				DC5D014A2949C2710017C67A /* AddNewItemView.swift in Sources */,
				DC5D014C2949C2710017C67A /* UpdateItemView.swift in Sources */,
				DC5D01422949BFB70017C67A /* HomeScreen.swift in Sources */,
				DC5D014B2949C2710017C67A /* CustomViews.swift in Sources */,
				DC5D01432949BFB70017C67A /* ItemsViewModel.swift in Sources */,
				DC29ED672935CFE900EBB921 /* ToDosApp.swift in Sources */,
			);
			runOnlyForDeploymentPostprocessing = 0;
		};
/* End PBXSourcesBuildPhase section */

/* Begin XCBuildConfiguration section */
		DC29ED6F2935CFEB00EBB921 /* Debug */ = {
			isa = XCBuildConfiguration;
			buildSettings = {
				ALWAYS_SEARCH_USER_PATHS = NO;
				CLANG_ANALYZER_NONNULL = YES;
				CLANG_ANALYZER_NUMBER_OBJECT_CONVERSION = YES_AGGRESSIVE;
				CLANG_CXX_LANGUAGE_STANDARD = "gnu++20";
				CLANG_ENABLE_MODULES = YES;
				CLANG_ENABLE_OBJC_ARC = YES;
				CLANG_ENABLE_OBJC_WEAK = YES;
				CLANG_WARN_BLOCK_CAPTURE_AUTORELEASING = YES;
				CLANG_WARN_BOOL_CONVERSION = YES;
				CLANG_WARN_COMMA = YES;
				CLANG_WARN_CONSTANT_CONVERSION = YES;
				CLANG_WARN_DEPRECATED_OBJC_IMPLEMENTATIONS = YES;
				CLANG_WARN_DIRECT_OBJC_ISA_USAGE = YES_ERROR;
				CLANG_WARN_DOCUMENTATION_COMMENTS = YES;
				CLANG_WARN_EMPTY_BODY = YES;
				CLANG_WARN_ENUM_CONVERSION = YES;
				CLANG_WARN_INFINITE_RECURSION = YES;
				CLANG_WARN_INT_CONVERSION = YES;
				CLANG_WARN_NON_LITERAL_NULL_CONVERSION = YES;
				CLANG_WARN_OBJC_IMPLICIT_RETAIN_SELF = YES;
				CLANG_WARN_OBJC_LITERAL_CONVERSION = YES;
				CLANG_WARN_OBJC_ROOT_CLASS = YES_ERROR;
				CLANG_WARN_QUOTED_INCLUDE_IN_FRAMEWORK_HEADER = YES;
				CLANG_WARN_RANGE_LOOP_ANALYSIS = YES;
				CLANG_WARN_STRICT_PROTOTYPES = YES;
				CLANG_WARN_SUSPICIOUS_MOVE = YES;
				CLANG_WARN_UNGUARDED_AVAILABILITY = YES_AGGRESSIVE;
				CLANG_WARN_UNREACHABLE_CODE = YES;
				CLANG_WARN__DUPLICATE_METHOD_MATCH = YES;
				COPY_PHASE_STRIP = NO;
				DEBUG_INFORMATION_FORMAT = dwarf;
				ENABLE_STRICT_OBJC_MSGSEND = YES;
				ENABLE_TESTABILITY = YES;
				GCC_C_LANGUAGE_STANDARD = gnu11;
				GCC_DYNAMIC_NO_PIC = NO;
				GCC_NO_COMMON_BLOCKS = YES;
				GCC_OPTIMIZATION_LEVEL = 0;
				GCC_PREPROCESSOR_DEFINITIONS = (
					"DEBUG=1",
					"$(inherited)",
				);
				GCC_WARN_64_TO_32_BIT_CONVERSION = YES;
				GCC_WARN_ABOUT_RETURN_TYPE = YES_ERROR;
				GCC_WARN_UNDECLARED_SELECTOR = YES;
				GCC_WARN_UNINITIALIZED_AUTOS = YES_AGGRESSIVE;
				GCC_WARN_UNUSED_FUNCTION = YES;
				GCC_WARN_UNUSED_VARIABLE = YES;
				IPHONEOS_DEPLOYMENT_TARGET = 17.6;
				MTL_ENABLE_DEBUG_INFO = INCLUDE_SOURCE;
				MTL_FAST_MATH = YES;
				ONLY_ACTIVE_ARCH = YES;
				SDKROOT = iphoneos;
				SWIFT_ACTIVE_COMPILATION_CONDITIONS = DEBUG;
				SWIFT_OPTIMIZATION_LEVEL = "-Onone";
			};
			name = Debug;
		};
		DC29ED702935CFEB00EBB921 /* Release */ = {
			isa = XCBuildConfiguration;
			buildSettings = {
				ALWAYS_SEARCH_USER_PATHS = NO;
				CLANG_ANALYZER_NONNULL = YES;
				CLANG_ANALYZER_NUMBER_OBJECT_CONVERSION = YES_AGGRESSIVE;
				CLANG_CXX_LANGUAGE_STANDARD = "gnu++20";
				CLANG_ENABLE_MODULES = YES;
				CLANG_ENABLE_OBJC_ARC = YES;
				CLANG_ENABLE_OBJC_WEAK = YES;
				CLANG_WARN_BLOCK_CAPTURE_AUTORELEASING = YES;
				CLANG_WARN_BOOL_CONVERSION = YES;
				CLANG_WARN_COMMA = YES;
				CLANG_WARN_CONSTANT_CONVERSION = YES;
				CLANG_WARN_DEPRECATED_OBJC_IMPLEMENTATIONS = YES;
				CLANG_WARN_DIRECT_OBJC_ISA_USAGE = YES_ERROR;
				CLANG_WARN_DOCUMENTATION_COMMENTS = YES;
				CLANG_WARN_EMPTY_BODY = YES;
				CLANG_WARN_ENUM_CONVERSION = YES;
				CLANG_WARN_INFINITE_RECURSION = YES;
				CLANG_WARN_INT_CONVERSION = YES;
				CLANG_WARN_NON_LITERAL_NULL_CONVERSION = YES;
				CLANG_WARN_OBJC_IMPLICIT_RETAIN_SELF = YES;
				CLANG_WARN_OBJC_LITERAL_CONVERSION = YES;
				CLANG_WARN_OBJC_ROOT_CLASS = YES_ERROR;
				CLANG_WARN_QUOTED_INCLUDE_IN_FRAMEWORK_HEADER = YES;
				CLANG_WARN_RANGE_LOOP_ANALYSIS = YES;
				CLANG_WARN_STRICT_PROTOTYPES = YES;
				CLANG_WARN_SUSPICIOUS_MOVE = YES;
				CLANG_WARN_UNGUARDED_AVAILABILITY = YES_AGGRESSIVE;
				CLANG_WARN_UNREACHABLE_CODE = YES;
				CLANG_WARN__DUPLICATE_METHOD_MATCH = YES;
				COPY_PHASE_STRIP = NO;
				DEBUG_INFORMATION_FORMAT = "dwarf-with-dsym";
				ENABLE_NS_ASSERTIONS = NO;
				ENABLE_STRICT_OBJC_MSGSEND = YES;
				GCC_C_LANGUAGE_STANDARD = gnu11;
				GCC_NO_COMMON_BLOCKS = YES;
				GCC_WARN_64_TO_32_BIT_CONVERSION = YES;
				GCC_WARN_ABOUT_RETURN_TYPE = YES_ERROR;
				GCC_WARN_UNDECLARED_SELECTOR = YES;
				GCC_WARN_UNINITIALIZED_AUTOS = YES_AGGRESSIVE;
				GCC_WARN_UNUSED_FUNCTION = YES;
				GCC_WARN_UNUSED_VARIABLE = YES;
				IPHONEOS_DEPLOYMENT_TARGET = 17.6;
				MTL_ENABLE_DEBUG_INFO = NO;
				MTL_FAST_MATH = YES;
				SDKROOT = iphoneos;
				SWIFT_COMPILATION_MODE = wholemodule;
				SWIFT_OPTIMIZATION_LEVEL = "-O";
				VALIDATE_PRODUCT = YES;
			};
			name = Release;
		};
		DC29ED722935CFEB00EBB921 /* Debug */ = {
			isa = XCBuildConfiguration;
			buildSettings = {
				ASSETCATALOG_COMPILER_APPICON_NAME = AppIcon;
				ASSETCATALOG_COMPILER_GLOBAL_ACCENT_COLOR_NAME = AccentColor;
				CODE_SIGN_STYLE = Automatic;
				CURRENT_PROJECT_VERSION = 1;
				DEVELOPMENT_ASSET_PATHS = "\"ToDos/Preview Content\"";
				DEVELOPMENT_TEAM = Q5973QP9JP;
				ENABLE_PREVIEWS = YES;
				GENERATE_INFOPLIST_FILE = YES;
				INFOPLIST_FILE = ToDos/Info.plist;
				INFOPLIST_KEY_LSApplicationCategoryType = "public.app-category.productivity";
				INFOPLIST_KEY_UIApplicationSceneManifest_Generation = YES;
				INFOPLIST_KEY_UIApplicationSupportsIndirectInputEvents = YES;
				INFOPLIST_KEY_UILaunchScreen_Generation = YES;
				INFOPLIST_KEY_UISupportedInterfaceOrientations = "UIInterfaceOrientationLandscapeLeft UIInterfaceOrientationLandscapeRight UIInterfaceOrientationPortrait";
				INFOPLIST_KEY_UISupportedInterfaceOrientations_iPad = "UIInterfaceOrientationLandscapeLeft UIInterfaceOrientationLandscapeRight UIInterfaceOrientationPortrait UIInterfaceOrientationPortraitUpsideDown";
				IPHONEOS_DEPLOYMENT_TARGET = 17.6;
				LD_RUNPATH_SEARCH_PATHS = (
					"$(inherited)",
					"@executable_path/Frameworks",
				);
				MARKETING_VERSION = 1.0;
				PRODUCT_BUNDLE_IDENTIFIER = in.balaganesh.ToDos;
				PRODUCT_NAME = "$(TARGET_NAME)";
				SWIFT_EMIT_LOC_STRINGS = YES;
				SWIFT_VERSION = 5.0;
				TARGETED_DEVICE_FAMILY = "1,2";
			};
			name = Debug;
		};
		DC29ED732935CFEB00EBB921 /* Release */ = {
			isa = XCBuildConfiguration;
			buildSettings = {
				ASSETCATALOG_COMPILER_APPICON_NAME = AppIcon;
				ASSETCATALOG_COMPILER_GLOBAL_ACCENT_COLOR_NAME = AccentColor;
				CODE_SIGN_STYLE = Automatic;
				CURRENT_PROJECT_VERSION = 1;
				DEVELOPMENT_ASSET_PATHS = "\"ToDos/Preview Content\"";
				DEVELOPMENT_TEAM = Q5973QP9JP;
				ENABLE_PREVIEWS = YES;
				GENERATE_INFOPLIST_FILE = YES;
				INFOPLIST_FILE = ToDos/Info.plist;
				INFOPLIST_KEY_LSApplicationCategoryType = "public.app-category.productivity";
				INFOPLIST_KEY_UIApplicationSceneManifest_Generation = YES;
				INFOPLIST_KEY_UIApplicationSupportsIndirectInputEvents = YES;
				INFOPLIST_KEY_UILaunchScreen_Generation = YES;
				INFOPLIST_KEY_UISupportedInterfaceOrientations = "UIInterfaceOrientationLandscapeLeft UIInterfaceOrientationLandscapeRight UIInterfaceOrientationPortrait";
				INFOPLIST_KEY_UISupportedInterfaceOrientations_iPad = "UIInterfaceOrientationLandscapeLeft UIInterfaceOrientationLandscapeRight UIInterfaceOrientationPortrait UIInterfaceOrientationPortraitUpsideDown";
				IPHONEOS_DEPLOYMENT_TARGET = 17.6;
				LD_RUNPATH_SEARCH_PATHS = (
					"$(inherited)",
					"@executable_path/Frameworks",
				);
				MARKETING_VERSION = 1.0;
				PRODUCT_BUNDLE_IDENTIFIER = in.balaganesh.ToDos;
				PRODUCT_NAME = "$(TARGET_NAME)";
				SWIFT_EMIT_LOC_STRINGS = YES;
				SWIFT_VERSION = 5.0;
				TARGETED_DEVICE_FAMILY = "1,2";
			};
			name = Release;
		};
/* End XCBuildConfiguration section */

/* Begin XCConfigurationList section */
		DC29ED5E2935CFE900EBB921 /* Build configuration list for PBXProject "ToDos" */ = {
			isa = XCConfigurationList;
			buildConfigurations = (
				DC29ED6F2935CFEB00EBB921 /* Debug */,
				DC29ED702935CFEB00EBB921 /* Release */,
			);
			defaultConfigurationIsVisible = 0;
			defaultConfigurationName = Release;
		};
		DC29ED712935CFEB00EBB921 /* Build configuration list for PBXNativeTarget "ToDos" */ = {
			isa = XCConfigurationList;
			buildConfigurations = (
				DC29ED722935CFEB00EBB921 /* Debug */,
				DC29ED732935CFEB00EBB921 /* Release */,
			);
			defaultConfigurationIsVisible = 0;
			defaultConfigurationName = Release;
		};
/* End XCConfigurationList section */
	};
	rootObject = DC29ED5B2935CFE900EBB921 /* Project object */;
}
